// !$*UTF8*$!
{
	archiveVersion = 1;
	classes = {
	};
	objectVersion = 52;
	objects = {

/* Begin PBXBuildFile section */
		E726027725D1E1C500CEEF36 /* PopularDestinationView.swift in Sources */ = {isa = PBXBuildFile; fileRef = E726027625D1E1C500CEEF36 /* PopularDestinationView.swift */; };
		E726027C25D1E26200CEEF36 /* PopularRestaurantsView.swift in Sources */ = {isa = PBXBuildFile; fileRef = E726027B25D1E26200CEEF36 /* PopularRestaurantsView.swift */; };
		E726028125D1E29B00CEEF36 /* DiscoverCategoriesView.swift in Sources */ = {isa = PBXBuildFile; fileRef = E726028025D1E29B00CEEF36 /* DiscoverCategoriesView.swift */; };
		E726028625D1E33700CEEF36 /* TrendingCreatorsView.swift in Sources */ = {isa = PBXBuildFile; fileRef = E726028525D1E33700CEEF36 /* TrendingCreatorsView.swift */; };
		E726028F25D1E37B00CEEF36 /* Destination.swift in Sources */ = {isa = PBXBuildFile; fileRef = E726028E25D1E37B00CEEF36 /* Destination.swift */; };
		E726029425D1E3C200CEEF36 /* Restaurant.swift in Sources */ = {isa = PBXBuildFile; fileRef = E726029325D1E3C200CEEF36 /* Restaurant.swift */; };
		E726029925D1E3CC00CEEF36 /* User.swift in Sources */ = {isa = PBXBuildFile; fileRef = E726029825D1E3CC00CEEF36 /* User.swift */; };
		E726029E25D1E3D600CEEF36 /* Category.swift in Sources */ = {isa = PBXBuildFile; fileRef = E726029D25D1E3D600CEEF36 /* Category.swift */; };
		E72602A725D1E9E700CEEF36 /* TileModifier.swift in Sources */ = {isa = PBXBuildFile; fileRef = E72602A625D1E9E700CEEF36 /* TileModifier.swift */; };
		E72602B025D2A22E00CEEF36 /* Kingfisher in Frameworks */ = {isa = PBXBuildFile; productRef = E72602AF25D2A22E00CEEF36 /* Kingfisher */; };
		E72602B625D2A2B900CEEF36 /* SDWebImageSwiftUI in Frameworks */ = {isa = PBXBuildFile; productRef = E72602B525D2A2B900CEEF36 /* SDWebImageSwiftUI */; };
		E72602BC25D2A42300CEEF36 /* CategoryDetailsView.swift in Sources */ = {isa = PBXBuildFile; fileRef = E72602BB25D2A42300CEEF36 /* CategoryDetailsView.swift */; };
		E72602C425D2A46600CEEF36 /* ActivityIndicatorView.swift in Sources */ = {isa = PBXBuildFile; fileRef = E72602C325D2A46600CEEF36 /* ActivityIndicatorView.swift */; };
		E72602C925D2A49700CEEF36 /* Place.swift in Sources */ = {isa = PBXBuildFile; fileRef = E72602C825D2A49700CEEF36 /* Place.swift */; };
		E72602CF25D3C9F400CEEF36 /* DestinationHeaderContainer.swift in Sources */ = {isa = PBXBuildFile; fileRef = E72602CE25D3C9F400CEEF36 /* DestinationHeaderContainer.swift */; };
		E72602D625D429E700CEEF36 /* RestaurantDetailsView.swift in Sources */ = {isa = PBXBuildFile; fileRef = E72602D525D429E700CEEF36 /* RestaurantDetailsView.swift */; };
		E72602DE25D5866900CEEF36 /* RestaurantPhotosView.swift in Sources */ = {isa = PBXBuildFile; fileRef = E72602DD25D5866900CEEF36 /* RestaurantPhotosView.swift */; };
		E72602E325D5937700CEEF36 /* RestaurantCarouselView.swift in Sources */ = {isa = PBXBuildFile; fileRef = E72602E225D5937700CEEF36 /* RestaurantCarouselView.swift */; };
		E72602E925D59BCB00CEEF36 /* UserDetailsView.swift in Sources */ = {isa = PBXBuildFile; fileRef = E72602E825D59BCB00CEEF36 /* UserDetailsView.swift */; };
		E77DA20C25CE1ABF002576D2 /* TravelDiscoveryApp.swift in Sources */ = {isa = PBXBuildFile; fileRef = E77DA20B25CE1ABF002576D2 /* TravelDiscoveryApp.swift */; };
		E77DA20E25CE1ABF002576D2 /* DiscoverView.swift in Sources */ = {isa = PBXBuildFile; fileRef = E77DA20D25CE1ABF002576D2 /* DiscoverView.swift */; };
		E77DA21025CE1AC0002576D2 /* Assets.xcassets in Resources */ = {isa = PBXBuildFile; fileRef = E77DA20F25CE1AC0002576D2 /* Assets.xcassets */; };
		E77DA21325CE1AC0002576D2 /* Preview Assets.xcassets in Resources */ = {isa = PBXBuildFile; fileRef = E77DA21225CE1AC0002576D2 /* Preview Assets.xcassets */; };
		E77DA21E25CE1AC1002576D2 /* TravelDiscoveryTests.swift in Sources */ = {isa = PBXBuildFile; fileRef = E77DA21D25CE1AC1002576D2 /* TravelDiscoveryTests.swift */; };
		E77DA22925CE1AC1002576D2 /* TravelDiscoveryUITests.swift in Sources */ = {isa = PBXBuildFile; fileRef = E77DA22825CE1AC1002576D2 /* TravelDiscoveryUITests.swift */; };
/* End PBXBuildFile section */

/* Begin PBXContainerItemProxy section */
		E77DA21A25CE1AC1002576D2 /* PBXContainerItemProxy */ = {
			isa = PBXContainerItemProxy;
			containerPortal = E77DA20025CE1ABF002576D2 /* Project object */;
			proxyType = 1;
			remoteGlobalIDString = E77DA20725CE1ABF002576D2;
			remoteInfo = TravelDiscovery;
		};
		E77DA22525CE1AC1002576D2 /* PBXContainerItemProxy */ = {
			isa = PBXContainerItemProxy;
			containerPortal = E77DA20025CE1ABF002576D2 /* Project object */;
			proxyType = 1;
			remoteGlobalIDString = E77DA20725CE1ABF002576D2;
			remoteInfo = TravelDiscovery;
		};
/* End PBXContainerItemProxy section */

/* Begin PBXFileReference section */
		E726027625D1E1C500CEEF36 /* PopularDestinationView.swift */ = {isa = PBXFileReference; lastKnownFileType = sourcecode.swift; path = PopularDestinationView.swift; sourceTree = "<group>"; };
		E726027B25D1E26200CEEF36 /* PopularRestaurantsView.swift */ = {isa = PBXFileReference; lastKnownFileType = sourcecode.swift; path = PopularRestaurantsView.swift; sourceTree = "<group>"; };
		E726028025D1E29B00CEEF36 /* DiscoverCategoriesView.swift */ = {isa = PBXFileReference; lastKnownFileType = sourcecode.swift; path = DiscoverCategoriesView.swift; sourceTree = "<group>"; };
		E726028525D1E33700CEEF36 /* TrendingCreatorsView.swift */ = {isa = PBXFileReference; lastKnownFileType = sourcecode.swift; path = TrendingCreatorsView.swift; sourceTree = "<group>"; };
		E726028E25D1E37B00CEEF36 /* Destination.swift */ = {isa = PBXFileReference; lastKnownFileType = sourcecode.swift; path = Destination.swift; sourceTree = "<group>"; };
		E726029325D1E3C200CEEF36 /* Restaurant.swift */ = {isa = PBXFileReference; lastKnownFileType = sourcecode.swift; path = Restaurant.swift; sourceTree = "<group>"; };
		E726029825D1E3CC00CEEF36 /* User.swift */ = {isa = PBXFileReference; lastKnownFileType = sourcecode.swift; path = User.swift; sourceTree = "<group>"; };
		E726029D25D1E3D600CEEF36 /* Category.swift */ = {isa = PBXFileReference; lastKnownFileType = sourcecode.swift; path = Category.swift; sourceTree = "<group>"; };
		E72602A625D1E9E700CEEF36 /* TileModifier.swift */ = {isa = PBXFileReference; lastKnownFileType = sourcecode.swift; path = TileModifier.swift; sourceTree = "<group>"; };
		E72602BB25D2A42300CEEF36 /* CategoryDetailsView.swift */ = {isa = PBXFileReference; lastKnownFileType = sourcecode.swift; path = CategoryDetailsView.swift; sourceTree = "<group>"; };
		E72602C325D2A46600CEEF36 /* ActivityIndicatorView.swift */ = {isa = PBXFileReference; lastKnownFileType = sourcecode.swift; path = ActivityIndicatorView.swift; sourceTree = "<group>"; };
		E72602C825D2A49700CEEF36 /* Place.swift */ = {isa = PBXFileReference; lastKnownFileType = sourcecode.swift; path = Place.swift; sourceTree = "<group>"; };
		E72602CE25D3C9F400CEEF36 /* DestinationHeaderContainer.swift */ = {isa = PBXFileReference; lastKnownFileType = sourcecode.swift; path = DestinationHeaderContainer.swift; sourceTree = "<group>"; };
		E72602D525D429E700CEEF36 /* RestaurantDetailsView.swift */ = {isa = PBXFileReference; lastKnownFileType = sourcecode.swift; path = RestaurantDetailsView.swift; sourceTree = "<group>"; };
		E72602DD25D5866900CEEF36 /* RestaurantPhotosView.swift */ = {isa = PBXFileReference; lastKnownFileType = sourcecode.swift; path = RestaurantPhotosView.swift; sourceTree = "<group>"; };
		E72602E225D5937700CEEF36 /* RestaurantCarouselView.swift */ = {isa = PBXFileReference; lastKnownFileType = sourcecode.swift; path = RestaurantCarouselView.swift; sourceTree = "<group>"; };
		E72602E825D59BCB00CEEF36 /* UserDetailsView.swift */ = {isa = PBXFileReference; lastKnownFileType = sourcecode.swift; path = UserDetailsView.swift; sourceTree = "<group>"; };
		E77DA20825CE1ABF002576D2 /* TravelDiscovery.app */ = {isa = PBXFileReference; explicitFileType = wrapper.application; includeInIndex = 0; path = TravelDiscovery.app; sourceTree = BUILT_PRODUCTS_DIR; };
		E77DA20B25CE1ABF002576D2 /* TravelDiscoveryApp.swift */ = {isa = PBXFileReference; lastKnownFileType = sourcecode.swift; path = TravelDiscoveryApp.swift; sourceTree = "<group>"; };
		E77DA20D25CE1ABF002576D2 /* DiscoverView.swift */ = {isa = PBXFileReference; lastKnownFileType = sourcecode.swift; path = DiscoverView.swift; sourceTree = "<group>"; };
		E77DA20F25CE1AC0002576D2 /* Assets.xcassets */ = {isa = PBXFileReference; lastKnownFileType = folder.assetcatalog; path = Assets.xcassets; sourceTree = "<group>"; };
		E77DA21225CE1AC0002576D2 /* Preview Assets.xcassets */ = {isa = PBXFileReference; lastKnownFileType = folder.assetcatalog; path = "Preview Assets.xcassets"; sourceTree = "<group>"; };
		E77DA21425CE1AC0002576D2 /* Info.plist */ = {isa = PBXFileReference; lastKnownFileType = text.plist.xml; path = Info.plist; sourceTree = "<group>"; };
		E77DA21925CE1AC1002576D2 /* TravelDiscoveryTests.xctest */ = {isa = PBXFileReference; explicitFileType = wrapper.cfbundle; includeInIndex = 0; path = TravelDiscoveryTests.xctest; sourceTree = BUILT_PRODUCTS_DIR; };
		E77DA21D25CE1AC1002576D2 /* TravelDiscoveryTests.swift */ = {isa = PBXFileReference; lastKnownFileType = sourcecode.swift; path = TravelDiscoveryTests.swift; sourceTree = "<group>"; };
		E77DA21F25CE1AC1002576D2 /* Info.plist */ = {isa = PBXFileReference; lastKnownFileType = text.plist.xml; path = Info.plist; sourceTree = "<group>"; };
		E77DA22425CE1AC1002576D2 /* TravelDiscoveryUITests.xctest */ = {isa = PBXFileReference; explicitFileType = wrapper.cfbundle; includeInIndex = 0; path = TravelDiscoveryUITests.xctest; sourceTree = BUILT_PRODUCTS_DIR; };
		E77DA22825CE1AC1002576D2 /* TravelDiscoveryUITests.swift */ = {isa = PBXFileReference; lastKnownFileType = sourcecode.swift; path = TravelDiscoveryUITests.swift; sourceTree = "<group>"; };
		E77DA22A25CE1AC1002576D2 /* Info.plist */ = {isa = PBXFileReference; lastKnownFileType = text.plist.xml; path = Info.plist; sourceTree = "<group>"; };
/* End PBXFileReference section */

/* Begin PBXFrameworksBuildPhase section */
		E77DA20525CE1ABF002576D2 /* Frameworks */ = {
			isa = PBXFrameworksBuildPhase;
			buildActionMask = 2147483647;
			files = (
				E72602B625D2A2B900CEEF36 /* SDWebImageSwiftUI in Frameworks */,
				E72602B025D2A22E00CEEF36 /* Kingfisher in Frameworks */,
			);
			runOnlyForDeploymentPostprocessing = 0;
		};
		E77DA21625CE1AC1002576D2 /* Frameworks */ = {
			isa = PBXFrameworksBuildPhase;
			buildActionMask = 2147483647;
			files = (
			);
			runOnlyForDeploymentPostprocessing = 0;
		};
		E77DA22125CE1AC1002576D2 /* Frameworks */ = {
			isa = PBXFrameworksBuildPhase;
			buildActionMask = 2147483647;
			files = (
			);
			runOnlyForDeploymentPostprocessing = 0;
		};
/* End PBXFrameworksBuildPhase section */

/* Begin PBXGroup section */
		E726027225D17C4E00CEEF36 /* Discover */ = {
			isa = PBXGroup;
			children = (
				E72602E725D59BB100CEEF36 /* User */,
				E72602D325D429C000CEEF36 /* Restaurant */,
				E72602CD25D3C9E500CEEF36 /* Destination */,
				E72602BA25D2A40E00CEEF36 /* Category */,
				E77DA20D25CE1ABF002576D2 /* DiscoverView.swift */,
				E726027625D1E1C500CEEF36 /* PopularDestinationView.swift */,
				E726027B25D1E26200CEEF36 /* PopularRestaurantsView.swift */,
				E726028025D1E29B00CEEF36 /* DiscoverCategoriesView.swift */,
				E726028525D1E33700CEEF36 /* TrendingCreatorsView.swift */,
			);
			path = Discover;
			sourceTree = "<group>";
		};
		E726028D25D1E37000CEEF36 /* Models */ = {
			isa = PBXGroup;
			children = (
				E726028E25D1E37B00CEEF36 /* Destination.swift */,
				E726029325D1E3C200CEEF36 /* Restaurant.swift */,
				E726029825D1E3CC00CEEF36 /* User.swift */,
				E726029D25D1E3D600CEEF36 /* Category.swift */,
				E72602C825D2A49700CEEF36 /* Place.swift */,
			);
			path = Models;
			sourceTree = "<group>";
		};
		E72602A525D1E9CB00CEEF36 /* Utils */ = {
			isa = PBXGroup;
			children = (
				E72602A625D1E9E700CEEF36 /* TileModifier.swift */,
				E72602C325D2A46600CEEF36 /* ActivityIndicatorView.swift */,
			);
			path = Utils;
			sourceTree = "<group>";
		};
		E72602BA25D2A40E00CEEF36 /* Category */ = {
			isa = PBXGroup;
			children = (
				E72602BB25D2A42300CEEF36 /* CategoryDetailsView.swift */,
			);
			path = Category;
			sourceTree = "<group>";
		};
		E72602CD25D3C9E500CEEF36 /* Destination */ = {
			isa = PBXGroup;
			children = (
				E72602CE25D3C9F400CEEF36 /* DestinationHeaderContainer.swift */,
			);
			path = Destination;
			sourceTree = "<group>";
		};
		E72602D325D429C000CEEF36 /* Restaurant */ = {
			isa = PBXGroup;
			children = (
				E72602D525D429E700CEEF36 /* RestaurantDetailsView.swift */,
				E72602DD25D5866900CEEF36 /* RestaurantPhotosView.swift */,
				E72602E225D5937700CEEF36 /* RestaurantCarouselView.swift */,
			);
			path = Restaurant;
			sourceTree = "<group>";
		};
		E72602E725D59BB100CEEF36 /* User */ = {
			isa = PBXGroup;
			children = (
				E72602E825D59BCB00CEEF36 /* UserDetailsView.swift */,
			);
			path = User;
			sourceTree = "<group>";
		};
		E77DA1FF25CE1ABF002576D2 = {
			isa = PBXGroup;
			children = (
				E77DA20A25CE1ABF002576D2 /* TravelDiscovery */,
				E77DA21C25CE1AC1002576D2 /* TravelDiscoveryTests */,
				E77DA22725CE1AC1002576D2 /* TravelDiscoveryUITests */,
				E77DA20925CE1ABF002576D2 /* Products */,
			);
			sourceTree = "<group>";
		};
		E77DA20925CE1ABF002576D2 /* Products */ = {
			isa = PBXGroup;
			children = (
				E77DA20825CE1ABF002576D2 /* TravelDiscovery.app */,
				E77DA21925CE1AC1002576D2 /* TravelDiscoveryTests.xctest */,
				E77DA22425CE1AC1002576D2 /* TravelDiscoveryUITests.xctest */,
			);
			name = Products;
			sourceTree = "<group>";
		};
		E77DA20A25CE1ABF002576D2 /* TravelDiscovery */ = {
			isa = PBXGroup;
			children = (
				E72602A525D1E9CB00CEEF36 /* Utils */,
				E726028D25D1E37000CEEF36 /* Models */,
				E726027225D17C4E00CEEF36 /* Discover */,
				E77DA20B25CE1ABF002576D2 /* TravelDiscoveryApp.swift */,
				E77DA20F25CE1AC0002576D2 /* Assets.xcassets */,
				E77DA21425CE1AC0002576D2 /* Info.plist */,
				E77DA21125CE1AC0002576D2 /* Preview Content */,
			);
			path = TravelDiscovery;
			sourceTree = "<group>";
		};
		E77DA21125CE1AC0002576D2 /* Preview Content */ = {
			isa = PBXGroup;
			children = (
				E77DA21225CE1AC0002576D2 /* Preview Assets.xcassets */,
			);
			path = "Preview Content";
			sourceTree = "<group>";
		};
		E77DA21C25CE1AC1002576D2 /* TravelDiscoveryTests */ = {
			isa = PBXGroup;
			children = (
				E77DA21D25CE1AC1002576D2 /* TravelDiscoveryTests.swift */,
				E77DA21F25CE1AC1002576D2 /* Info.plist */,
			);
			path = TravelDiscoveryTests;
			sourceTree = "<group>";
		};
		E77DA22725CE1AC1002576D2 /* TravelDiscoveryUITests */ = {
			isa = PBXGroup;
			children = (
				E77DA22825CE1AC1002576D2 /* TravelDiscoveryUITests.swift */,
				E77DA22A25CE1AC1002576D2 /* Info.plist */,
			);
			path = TravelDiscoveryUITests;
			sourceTree = "<group>";
		};
/* End PBXGroup section */

/* Begin PBXNativeTarget section */
		E77DA20725CE1ABF002576D2 /* TravelDiscovery */ = {
			isa = PBXNativeTarget;
			buildConfigurationList = E77DA22D25CE1AC1002576D2 /* Build configuration list for PBXNativeTarget "TravelDiscovery" */;
			buildPhases = (
				E77DA20425CE1ABF002576D2 /* Sources */,
				E77DA20525CE1ABF002576D2 /* Frameworks */,
				E77DA20625CE1ABF002576D2 /* Resources */,
			);
			buildRules = (
			);
			dependencies = (
			);
			name = TravelDiscovery;
			packageProductDependencies = (
				E72602AF25D2A22E00CEEF36 /* Kingfisher */,
				E72602B525D2A2B900CEEF36 /* SDWebImageSwiftUI */,
			);
			productName = TravelDiscovery;
			productReference = E77DA20825CE1ABF002576D2 /* TravelDiscovery.app */;
			productType = "com.apple.product-type.application";
		};
		E77DA21825CE1AC1002576D2 /* TravelDiscoveryTests */ = {
			isa = PBXNativeTarget;
			buildConfigurationList = E77DA23025CE1AC1002576D2 /* Build configuration list for PBXNativeTarget "TravelDiscoveryTests" */;
			buildPhases = (
				E77DA21525CE1AC1002576D2 /* Sources */,
				E77DA21625CE1AC1002576D2 /* Frameworks */,
				E77DA21725CE1AC1002576D2 /* Resources */,
			);
			buildRules = (
			);
			dependencies = (
				E77DA21B25CE1AC1002576D2 /* PBXTargetDependency */,
			);
			name = TravelDiscoveryTests;
			productName = TravelDiscoveryTests;
			productReference = E77DA21925CE1AC1002576D2 /* TravelDiscoveryTests.xctest */;
			productType = "com.apple.product-type.bundle.unit-test";
		};
		E77DA22325CE1AC1002576D2 /* TravelDiscoveryUITests */ = {
			isa = PBXNativeTarget;
			buildConfigurationList = E77DA23325CE1AC1002576D2 /* Build configuration list for PBXNativeTarget "TravelDiscoveryUITests" */;
			buildPhases = (
				E77DA22025CE1AC1002576D2 /* Sources */,
				E77DA22125CE1AC1002576D2 /* Frameworks */,
				E77DA22225CE1AC1002576D2 /* Resources */,
			);
			buildRules = (
			);
			dependencies = (
				E77DA22625CE1AC1002576D2 /* PBXTargetDependency */,
			);
			name = TravelDiscoveryUITests;
			productName = TravelDiscoveryUITests;
			productReference = E77DA22425CE1AC1002576D2 /* TravelDiscoveryUITests.xctest */;
			productType = "com.apple.product-type.bundle.ui-testing";
		};
/* End PBXNativeTarget section */

/* Begin PBXProject section */
		E77DA20025CE1ABF002576D2 /* Project object */ = {
			isa = PBXProject;
			attributes = {
				LastSwiftUpdateCheck = 1240;
				LastUpgradeCheck = 1240;
				TargetAttributes = {
					E77DA20725CE1ABF002576D2 = {
						CreatedOnToolsVersion = 12.4;
					};
					E77DA21825CE1AC1002576D2 = {
						CreatedOnToolsVersion = 12.4;
						TestTargetID = E77DA20725CE1ABF002576D2;
					};
					E77DA22325CE1AC1002576D2 = {
						CreatedOnToolsVersion = 12.4;
						TestTargetID = E77DA20725CE1ABF002576D2;
					};
				};
			};
			buildConfigurationList = E77DA20325CE1ABF002576D2 /* Build configuration list for PBXProject "TravelDiscovery" */;
			compatibilityVersion = "Xcode 9.3";
			developmentRegion = en;
			hasScannedForEncodings = 0;
			knownRegions = (
				en,
				Base,
			);
			mainGroup = E77DA1FF25CE1ABF002576D2;
			packageReferences = (
				E72602AE25D2A22E00CEEF36 /* XCRemoteSwiftPackageReference "Kingfisher" */,
				E72602B425D2A2B900CEEF36 /* XCRemoteSwiftPackageReference "SDWebImageSwiftUI" */,
			);
			productRefGroup = E77DA20925CE1ABF002576D2 /* Products */;
			projectDirPath = "";
			projectRoot = "";
			targets = (
				E77DA20725CE1ABF002576D2 /* TravelDiscovery */,
				E77DA21825CE1AC1002576D2 /* TravelDiscoveryTests */,
				E77DA22325CE1AC1002576D2 /* TravelDiscoveryUITests */,
			);
		};
/* End PBXProject section */

/* Begin PBXResourcesBuildPhase section */
		E77DA20625CE1ABF002576D2 /* Resources */ = {
			isa = PBXResourcesBuildPhase;
			buildActionMask = 2147483647;
			files = (
				E77DA21325CE1AC0002576D2 /* Preview Assets.xcassets in Resources */,
				E77DA21025CE1AC0002576D2 /* Assets.xcassets in Resources */,
			);
			runOnlyForDeploymentPostprocessing = 0;
		};
		E77DA21725CE1AC1002576D2 /* Resources */ = {
			isa = PBXResourcesBuildPhase;
			buildActionMask = 2147483647;
			files = (
			);
			runOnlyForDeploymentPostprocessing = 0;
		};
		E77DA22225CE1AC1002576D2 /* Resources */ = {
			isa = PBXResourcesBuildPhase;
			buildActionMask = 2147483647;
			files = (
			);
			runOnlyForDeploymentPostprocessing = 0;
		};
/* End PBXResourcesBuildPhase section */

/* Begin PBXSourcesBuildPhase section */
		E77DA20425CE1ABF002576D2 /* Sources */ = {
			isa = PBXSourcesBuildPhase;
			buildActionMask = 2147483647;
			files = (
				E72602D625D429E700CEEF36 /* RestaurantDetailsView.swift in Sources */,
				E726029425D1E3C200CEEF36 /* Restaurant.swift in Sources */,
				E72602A725D1E9E700CEEF36 /* TileModifier.swift in Sources */,
				E72602E325D5937700CEEF36 /* RestaurantCarouselView.swift in Sources */,
				E726029E25D1E3D600CEEF36 /* Category.swift in Sources */,
				E726028125D1E29B00CEEF36 /* DiscoverCategoriesView.swift in Sources */,
				E726028625D1E33700CEEF36 /* TrendingCreatorsView.swift in Sources */,
				E72602E925D59BCB00CEEF36 /* UserDetailsView.swift in Sources */,
				E72602CF25D3C9F400CEEF36 /* DestinationHeaderContainer.swift in Sources */,
				E72602C925D2A49700CEEF36 /* Place.swift in Sources */,
				E77DA20E25CE1ABF002576D2 /* DiscoverView.swift in Sources */,
				E726027C25D1E26200CEEF36 /* PopularRestaurantsView.swift in Sources */,
				E726029925D1E3CC00CEEF36 /* User.swift in Sources */,
				E77DA20C25CE1ABF002576D2 /* TravelDiscoveryApp.swift in Sources */,
				E726027725D1E1C500CEEF36 /* PopularDestinationView.swift in Sources */,
				E726028F25D1E37B00CEEF36 /* Destination.swift in Sources */,
				E72602DE25D5866900CEEF36 /* RestaurantPhotosView.swift in Sources */,
				E72602C425D2A46600CEEF36 /* ActivityIndicatorView.swift in Sources */,
				E72602BC25D2A42300CEEF36 /* CategoryDetailsView.swift in Sources */,
			);
			runOnlyForDeploymentPostprocessing = 0;
		};
		E77DA21525CE1AC1002576D2 /* Sources */ = {
			isa = PBXSourcesBuildPhase;
			buildActionMask = 2147483647;
			files = (
				E77DA21E25CE1AC1002576D2 /* TravelDiscoveryTests.swift in Sources */,
			);
			runOnlyForDeploymentPostprocessing = 0;
		};
		E77DA22025CE1AC1002576D2 /* Sources */ = {
			isa = PBXSourcesBuildPhase;
			buildActionMask = 2147483647;
			files = (
				E77DA22925CE1AC1002576D2 /* TravelDiscoveryUITests.swift in Sources */,
			);
			runOnlyForDeploymentPostprocessing = 0;
		};
/* End PBXSourcesBuildPhase section */

/* Begin PBXTargetDependency section */
		E77DA21B25CE1AC1002576D2 /* PBXTargetDependency */ = {
			isa = PBXTargetDependency;
			target = E77DA20725CE1ABF002576D2 /* TravelDiscovery */;
			targetProxy = E77DA21A25CE1AC1002576D2 /* PBXContainerItemProxy */;
		};
		E77DA22625CE1AC1002576D2 /* PBXTargetDependency */ = {
			isa = PBXTargetDependency;
			target = E77DA20725CE1ABF002576D2 /* TravelDiscovery */;
			targetProxy = E77DA22525CE1AC1002576D2 /* PBXContainerItemProxy */;
		};
/* End PBXTargetDependency section */

/* Begin XCBuildConfiguration section */
		E77DA22B25CE1AC1002576D2 /* Debug */ = {
			isa = XCBuildConfiguration;
			buildSettings = {
				ALWAYS_SEARCH_USER_PATHS = NO;
				CLANG_ANALYZER_NONNULL = YES;
				CLANG_ANALYZER_NUMBER_OBJECT_CONVERSION = YES_AGGRESSIVE;
				CLANG_CXX_LANGUAGE_STANDARD = "gnu++14";
				CLANG_CXX_LIBRARY = "libc++";
				CLANG_ENABLE_MODULES = YES;
				CLANG_ENABLE_OBJC_ARC = YES;
				CLANG_ENABLE_OBJC_WEAK = YES;
				CLANG_WARN_BLOCK_CAPTURE_AUTORELEASING = YES;
				CLANG_WARN_BOOL_CONVERSION = YES;
				CLANG_WARN_COMMA = YES;
				CLANG_WARN_CONSTANT_CONVERSION = YES;
				CLANG_WARN_DEPRECATED_OBJC_IMPLEMENTATIONS = YES;
				CLANG_WARN_DIRECT_OBJC_ISA_USAGE = YES_ERROR;
				CLANG_WARN_DOCUMENTATION_COMMENTS = YES;
				CLANG_WARN_EMPTY_BODY = YES;
				CLANG_WARN_ENUM_CONVERSION = YES;
				CLANG_WARN_INFINITE_RECURSION = YES;
				CLANG_WARN_INT_CONVERSION = YES;
				CLANG_WARN_NON_LITERAL_NULL_CONVERSION = YES;
				CLANG_WARN_OBJC_IMPLICIT_RETAIN_SELF = YES;
				CLANG_WARN_OBJC_LITERAL_CONVERSION = YES;
				CLANG_WARN_OBJC_ROOT_CLASS = YES_ERROR;
				CLANG_WARN_QUOTED_INCLUDE_IN_FRAMEWORK_HEADER = YES;
				CLANG_WARN_RANGE_LOOP_ANALYSIS = YES;
				CLANG_WARN_STRICT_PROTOTYPES = YES;
				CLANG_WARN_SUSPICIOUS_MOVE = YES;
				CLANG_WARN_UNGUARDED_AVAILABILITY = YES_AGGRESSIVE;
				CLANG_WARN_UNREACHABLE_CODE = YES;
				CLANG_WARN__DUPLICATE_METHOD_MATCH = YES;
				COPY_PHASE_STRIP = NO;
				DEBUG_INFORMATION_FORMAT = dwarf;
				ENABLE_STRICT_OBJC_MSGSEND = YES;
				ENABLE_TESTABILITY = YES;
				GCC_C_LANGUAGE_STANDARD = gnu11;
				GCC_DYNAMIC_NO_PIC = NO;
				GCC_NO_COMMON_BLOCKS = YES;
				GCC_OPTIMIZATION_LEVEL = 0;
				GCC_PREPROCESSOR_DEFINITIONS = (
					"DEBUG=1",
					"$(inherited)",
				);
				GCC_WARN_64_TO_32_BIT_CONVERSION = YES;
				GCC_WARN_ABOUT_RETURN_TYPE = YES_ERROR;
				GCC_WARN_UNDECLARED_SELECTOR = YES;
				GCC_WARN_UNINITIALIZED_AUTOS = YES_AGGRESSIVE;
				GCC_WARN_UNUSED_FUNCTION = YES;
				GCC_WARN_UNUSED_VARIABLE = YES;
				IPHONEOS_DEPLOYMENT_TARGET = 14.4;
				MTL_ENABLE_DEBUG_INFO = INCLUDE_SOURCE;
				MTL_FAST_MATH = YES;
				ONLY_ACTIVE_ARCH = YES;
				SDKROOT = iphoneos;
				SWIFT_ACTIVE_COMPILATION_CONDITIONS = DEBUG;
				SWIFT_OPTIMIZATION_LEVEL = "-Onone";
			};
			name = Debug;
		};
		E77DA22C25CE1AC1002576D2 /* Release */ = {
			isa = XCBuildConfiguration;
			buildSettings = {
				ALWAYS_SEARCH_USER_PATHS = NO;
				CLANG_ANALYZER_NONNULL = YES;
				CLANG_ANALYZER_NUMBER_OBJECT_CONVERSION = YES_AGGRESSIVE;
				CLANG_CXX_LANGUAGE_STANDARD = "gnu++14";
				CLANG_CXX_LIBRARY = "libc++";
				CLANG_ENABLE_MODULES = YES;
				CLANG_ENABLE_OBJC_ARC = YES;
				CLANG_ENABLE_OBJC_WEAK = YES;
				CLANG_WARN_BLOCK_CAPTURE_AUTORELEASING = YES;
				CLANG_WARN_BOOL_CONVERSION = YES;
				CLANG_WARN_COMMA = YES;
				CLANG_WARN_CONSTANT_CONVERSION = YES;
				CLANG_WARN_DEPRECATED_OBJC_IMPLEMENTATIONS = YES;
				CLANG_WARN_DIRECT_OBJC_ISA_USAGE = YES_ERROR;
				CLANG_WARN_DOCUMENTATION_COMMENTS = YES;
				CLANG_WARN_EMPTY_BODY = YES;
				CLANG_WARN_ENUM_CONVERSION = YES;
				CLANG_WARN_INFINITE_RECURSION = YES;
				CLANG_WARN_INT_CONVERSION = YES;
				CLANG_WARN_NON_LITERAL_NULL_CONVERSION = YES;
				CLANG_WARN_OBJC_IMPLICIT_RETAIN_SELF = YES;
				CLANG_WARN_OBJC_LITERAL_CONVERSION = YES;
				CLANG_WARN_OBJC_ROOT_CLASS = YES_ERROR;
				CLANG_WARN_QUOTED_INCLUDE_IN_FRAMEWORK_HEADER = YES;
				CLANG_WARN_RANGE_LOOP_ANALYSIS = YES;
				CLANG_WARN_STRICT_PROTOTYPES = YES;
				CLANG_WARN_SUSPICIOUS_MOVE = YES;
				CLANG_WARN_UNGUARDED_AVAILABILITY = YES_AGGRESSIVE;
				CLANG_WARN_UNREACHABLE_CODE = YES;
				CLANG_WARN__DUPLICATE_METHOD_MATCH = YES;
				COPY_PHASE_STRIP = NO;
				DEBUG_INFORMATION_FORMAT = "dwarf-with-dsym";
				ENABLE_NS_ASSERTIONS = NO;
				ENABLE_STRICT_OBJC_MSGSEND = YES;
				GCC_C_LANGUAGE_STANDARD = gnu11;
				GCC_NO_COMMON_BLOCKS = YES;
				GCC_WARN_64_TO_32_BIT_CONVERSION = YES;
				GCC_WARN_ABOUT_RETURN_TYPE = YES_ERROR;
				GCC_WARN_UNDECLARED_SELECTOR = YES;
				GCC_WARN_UNINITIALIZED_AUTOS = YES_AGGRESSIVE;
				GCC_WARN_UNUSED_FUNCTION = YES;
				GCC_WARN_UNUSED_VARIABLE = YES;
				IPHONEOS_DEPLOYMENT_TARGET = 14.4;
				MTL_ENABLE_DEBUG_INFO = NO;
				MTL_FAST_MATH = YES;
				SDKROOT = iphoneos;
				SWIFT_COMPILATION_MODE = wholemodule;
				SWIFT_OPTIMIZATION_LEVEL = "-O";
				VALIDATE_PRODUCT = YES;
			};
			name = Release;
		};
		E77DA22E25CE1AC1002576D2 /* Debug */ = {
			isa = XCBuildConfiguration;
			buildSettings = {
				ASSETCATALOG_COMPILER_APPICON_NAME = AppIcon;
				ASSETCATALOG_COMPILER_GLOBAL_ACCENT_COLOR_NAME = AccentColor;
				CODE_SIGN_STYLE = Automatic;
				DEVELOPMENT_ASSET_PATHS = "\"TravelDiscovery/Preview Content\"";
				DEVELOPMENT_TEAM = KKN37UUKG9;
				ENABLE_PREVIEWS = YES;
				INFOPLIST_FILE = TravelDiscovery/Info.plist;
				IPHONEOS_DEPLOYMENT_TARGET = 14.0;
				LD_RUNPATH_SEARCH_PATHS = (
					"$(inherited)",
					"@executable_path/Frameworks",
				);
				PRODUCT_BUNDLE_IDENTIFIER = pro.tambovtsev.TravelDiscovery;
				PRODUCT_NAME = "$(TARGET_NAME)";
				SWIFT_VERSION = 5.0;
				TARGETED_DEVICE_FAMILY = "1,2";
			};
			name = Debug;
		};
		E77DA22F25CE1AC1002576D2 /* Release */ = {
			isa = XCBuildConfiguration;
			buildSettings = {
				ASSETCATALOG_COMPILER_APPICON_NAME = AppIcon;
				ASSETCATALOG_COMPILER_GLOBAL_ACCENT_COLOR_NAME = AccentColor;
				CODE_SIGN_STYLE = Automatic;
				DEVELOPMENT_ASSET_PATHS = "\"TravelDiscovery/Preview Content\"";
				DEVELOPMENT_TEAM = KKN37UUKG9;
				ENABLE_PREVIEWS = YES;
				INFOPLIST_FILE = TravelDiscovery/Info.plist;
				IPHONEOS_DEPLOYMENT_TARGET = 14.0;
				LD_RUNPATH_SEARCH_PATHS = (
					"$(inherited)",
					"@executable_path/Frameworks",
				);
				PRODUCT_BUNDLE_IDENTIFIER = pro.tambovtsev.TravelDiscovery;
				PRODUCT_NAME = "$(TARGET_NAME)";
				SWIFT_VERSION = 5.0;
				TARGETED_DEVICE_FAMILY = "1,2";
			};
			name = Release;
		};
		E77DA23125CE1AC1002576D2 /* Debug */ = {
			isa = XCBuildConfiguration;
			buildSettings = {
				ALWAYS_EMBED_SWIFT_STANDARD_LIBRARIES = YES;
				BUNDLE_LOADER = "$(TEST_HOST)";
				CODE_SIGN_STYLE = Automatic;
				DEVELOPMENT_TEAM = KKN37UUKG9;
				INFOPLIST_FILE = TravelDiscoveryTests/Info.plist;
				IPHONEOS_DEPLOYMENT_TARGET = 14.0;
				LD_RUNPATH_SEARCH_PATHS = (
					"$(inherited)",
					"@executable_path/Frameworks",
					"@loader_path/Frameworks",
				);
				PRODUCT_BUNDLE_IDENTIFIER = pro.tambovtsev.TravelDiscoveryTests;
				PRODUCT_NAME = "$(TARGET_NAME)";
				SWIFT_VERSION = 5.0;
				TARGETED_DEVICE_FAMILY = "1,2";
				TEST_HOST = "$(BUILT_PRODUCTS_DIR)/TravelDiscovery.app/TravelDiscovery";
			};
			name = Debug;
		};
		E77DA23225CE1AC1002576D2 /* Release */ = {
			isa = XCBuildConfiguration;
			buildSettings = {
				ALWAYS_EMBED_SWIFT_STANDARD_LIBRARIES = YES;
				BUNDLE_LOADER = "$(TEST_HOST)";
				CODE_SIGN_STYLE = Automatic;
				DEVELOPMENT_TEAM = KKN37UUKG9;
				INFOPLIST_FILE = TravelDiscoveryTests/Info.plist;
				IPHONEOS_DEPLOYMENT_TARGET = 14.0;
				LD_RUNPATH_SEARCH_PATHS = (
					"$(inherited)",
					"@executable_path/Frameworks",
					"@loader_path/Frameworks",
				);
				PRODUCT_BUNDLE_IDENTIFIER = pro.tambovtsev.TravelDiscoveryTests;
				PRODUCT_NAME = "$(TARGET_NAME)";
				SWIFT_VERSION = 5.0;
				TARGETED_DEVICE_FAMILY = "1,2";
				TEST_HOST = "$(BUILT_PRODUCTS_DIR)/TravelDiscovery.app/TravelDiscovery";
			};
			name = Release;
		};
		E77DA23425CE1AC1002576D2 /* Debug */ = {
			isa = XCBuildConfiguration;
			buildSettings = {
				ALWAYS_EMBED_SWIFT_STANDARD_LIBRARIES = YES;
				CODE_SIGN_STYLE = Automatic;
				DEVELOPMENT_TEAM = KKN37UUKG9;
				INFOPLIST_FILE = TravelDiscoveryUITests/Info.plist;
				LD_RUNPATH_SEARCH_PATHS = (
					"$(inherited)",
					"@executable_path/Frameworks",
					"@loader_path/Frameworks",
				);
				PRODUCT_BUNDLE_IDENTIFIER = pro.tambovtsev.TravelDiscoveryUITests;
				PRODUCT_NAME = "$(TARGET_NAME)";
				SWIFT_VERSION = 5.0;
				TARGETED_DEVICE_FAMILY = "1,2";
				TEST_TARGET_NAME = TravelDiscovery;
			};
			name = Debug;
		};
		E77DA23525CE1AC1002576D2 /* Release */ = {
			isa = XCBuildConfiguration;
			buildSettings = {
				ALWAYS_EMBED_SWIFT_STANDARD_LIBRARIES = YES;
				CODE_SIGN_STYLE = Automatic;
				DEVELOPMENT_TEAM = KKN37UUKG9;
				INFOPLIST_FILE = TravelDiscoveryUITests/Info.plist;
				LD_RUNPATH_SEARCH_PATHS = (
					"$(inherited)",
					"@executable_path/Frameworks",
					"@loader_path/Frameworks",
				);
				PRODUCT_BUNDLE_IDENTIFIER = pro.tambovtsev.TravelDiscoveryUITests;
				PRODUCT_NAME = "$(TARGET_NAME)";
				SWIFT_VERSION = 5.0;
				TARGETED_DEVICE_FAMILY = "1,2";
				TEST_TARGET_NAME = TravelDiscovery;
			};
			name = Release;
		};
/* End XCBuildConfiguration section */

/* Begin XCConfigurationList section */
		E77DA20325CE1ABF002576D2 /* Build configuration list for PBXProject "TravelDiscovery" */ = {
			isa = XCConfigurationList;
			buildConfigurations = (
				E77DA22B25CE1AC1002576D2 /* Debug */,
				E77DA22C25CE1AC1002576D2 /* Release */,
			);
			defaultConfigurationIsVisible = 0;
			defaultConfigurationName = Release;
		};
		E77DA22D25CE1AC1002576D2 /* Build configuration list for PBXNativeTarget "TravelDiscovery" */ = {
			isa = XCConfigurationList;
			buildConfigurations = (
				E77DA22E25CE1AC1002576D2 /* Debug */,
				E77DA22F25CE1AC1002576D2 /* Release */,
			);
			defaultConfigurationIsVisible = 0;
			defaultConfigurationName = Release;
		};
		E77DA23025CE1AC1002576D2 /* Build configuration list for PBXNativeTarget "TravelDiscoveryTests" */ = {
			isa = XCConfigurationList;
			buildConfigurations = (
				E77DA23125CE1AC1002576D2 /* Debug */,
				E77DA23225CE1AC1002576D2 /* Release */,
			);
			defaultConfigurationIsVisible = 0;
			defaultConfigurationName = Release;
		};
		E77DA23325CE1AC1002576D2 /* Build configuration list for PBXNativeTarget "TravelDiscoveryUITests" */ = {
			isa = XCConfigurationList;
			buildConfigurations = (
				E77DA23425CE1AC1002576D2 /* Debug */,
				E77DA23525CE1AC1002576D2 /* Release */,
			);
			defaultConfigurationIsVisible = 0;
			defaultConfigurationName = Release;
		};
/* End XCConfigurationList section */

/* Begin XCRemoteSwiftPackageReference section */
		E72602AE25D2A22E00CEEF36 /* XCRemoteSwiftPackageReference "Kingfisher" */ = {
			isa = XCRemoteSwiftPackageReference;
			repositoryURL = "https://github.com/onevcat/Kingfisher";
			requirement = {
				kind = upToNextMajorVersion;
				minimumVersion = 6.1.0;
			};
		};
		E72602B425D2A2B900CEEF36 /* XCRemoteSwiftPackageReference "SDWebImageSwiftUI" */ = {
			isa = XCRemoteSwiftPackageReference;
			repositoryURL = "https://github.com/SDWebImage/SDWebImageSwiftUI";
			requirement = {
				kind = upToNextMajorVersion;
				minimumVersion = 1.5.0;
			};
		};
/* End XCRemoteSwiftPackageReference section */

/* Begin XCSwiftPackageProductDependency section */
		E72602AF25D2A22E00CEEF36 /* Kingfisher */ = {
			isa = XCSwiftPackageProductDependency;
			package = E72602AE25D2A22E00CEEF36 /* XCRemoteSwiftPackageReference "Kingfisher" */;
			productName = Kingfisher;
		};
		E72602B525D2A2B900CEEF36 /* SDWebImageSwiftUI */ = {
			isa = XCSwiftPackageProductDependency;
			package = E72602B425D2A2B900CEEF36 /* XCRemoteSwiftPackageReference "SDWebImageSwiftUI" */;
			productName = SDWebImageSwiftUI;
		};
/* End XCSwiftPackageProductDependency section */
	};
	rootObject = E77DA20025CE1ABF002576D2 /* Project object */;
}
